// !$*UTF8*$!
{
	archiveVersion = 1;
	classes = {
	};
	objectVersion = 46;
	objects = {

/* Begin PBXBuildFile section */
		E32BFC8E1E2414D000248AA9 /* main.m in Sources */ = {isa = PBXBuildFile; fileRef = E32BFC8D1E2414D000248AA9 /* main.m */; };
		E32BFC911E2414D000248AA9 /* AppDelegate.m in Sources */ = {isa = PBXBuildFile; fileRef = E32BFC901E2414D000248AA9 /* AppDelegate.m */; };
		E32BFC941E2414D000248AA9 /* ViewController.m in Sources */ = {isa = PBXBuildFile; fileRef = E32BFC931E2414D000248AA9 /* ViewController.m */; };
		E32BFC971E2414D000248AA9 /* Main.storyboard in Resources */ = {isa = PBXBuildFile; fileRef = E32BFC951E2414D000248AA9 /* Main.storyboard */; };
		E32BFC991E2414D000248AA9 /* Assets.xcassets in Resources */ = {isa = PBXBuildFile; fileRef = E32BFC981E2414D000248AA9 /* Assets.xcassets */; };
		E32BFC9C1E2414D000248AA9 /* LaunchScreen.storyboard in Resources */ = {isa = PBXBuildFile; fileRef = E32BFC9A1E2414D000248AA9 /* LaunchScreen.storyboard */; };
/* End PBXBuildFile section */

/* Begin PBXFileReference section */
		E32BFC891E2414D000248AA9 /* Google_Maps.app */ = {isa = PBXFileReference; explicitFileType = wrapper.application; includeInIndex = 0; path = Google_Maps.app; sourceTree = BUILT_PRODUCTS_DIR; };
		E32BFC8D1E2414D000248AA9 /* main.m */ = {isa = PBXFileReference; lastKnownFileType = sourcecode.c.objc; path = main.m; sourceTree = "<group>"; };
		E32BFC8F1E2414D000248AA9 /* AppDelegate.h */ = {isa = PBXFileReference; lastKnownFileType = sourcecode.c.h; path = AppDelegate.h; sourceTree = "<group>"; };
		E32BFC901E2414D000248AA9 /* AppDelegate.m */ = {isa = PBXFileReference; lastKnownFileType = sourcecode.c.objc; path = AppDelegate.m; sourceTree = "<group>"; };
		E32BFC921E2414D000248AA9 /* ViewController.h */ = {isa = PBXFileReference; lastKnownFileType = sourcecode.c.h; path = ViewController.h; sourceTree = "<group>"; };
		E32BFC931E2414D000248AA9 /* ViewController.m */ = {isa = PBXFileReference; lastKnownFileType = sourcecode.c.objc; path = ViewController.m; sourceTree = "<group>"; };
		E32BFC961E2414D000248AA9 /* Base */ = {isa = PBXFileReference; lastKnownFileType = file.storyboard; name = Base; path = Base.lproj/Main.storyboard; sourceTree = "<group>"; };
		E32BFC981E2414D000248AA9 /* Assets.xcassets */ = {isa = PBXFileReference; lastKnownFileType = folder.assetcatalog; path = Assets.xcassets; sourceTree = "<group>"; };
		E32BFC9B1E2414D000248AA9 /* Base */ = {isa = PBXFileReference; lastKnownFileType = file.storyboard; name = Base; path = Base.lproj/LaunchScreen.storyboard; sourceTree = "<group>"; };
		E32BFC9D1E2414D000248AA9 /* Info.plist */ = {isa = PBXFileReference; lastKnownFileType = text.plist.xml; path = Info.plist; sourceTree = "<group>"; };
/* End PBXFileReference section */

/* Begin PBXFrameworksBuildPhase section */
		E32BFC861E2414D000248AA9 /* Frameworks */ = {
			isa = PBXFrameworksBuildPhase;
			buildActionMask = 2147483647;
			files = (
			);
			runOnlyForDeploymentPostprocessing = 0;
		};
/* End PBXFrameworksBuildPhase section */

/* Begin PBXGroup section */
		E32BFC801E2414D000248AA9 = {
			isa = PBXGroup;
			children = (
				E32BFC8B1E2414D000248AA9 /* Google_Maps */,
				E32BFC8A1E2414D000248AA9 /* Products */,
			);
			sourceTree = "<group>";
		};
		E32BFC8A1E2414D000248AA9 /* Products */ = {
			isa = PBXGroup;
			children = (
				E32BFC891E2414D000248AA9 /* Google_Maps.app */,
			);
			name = Products;
			sourceTree = "<group>";
		};
		E32BFC8B1E2414D000248AA9 /* Google_Maps */ = {
			isa = PBXGroup;
			children = (
				E32BFC8F1E2414D000248AA9 /* AppDelegate.h */,
				E32BFC901E2414D000248AA9 /* AppDelegate.m */,
				E32BFC921E2414D000248AA9 /* ViewController.h */,
				E32BFC931E2414D000248AA9 /* ViewController.m */,
				E32BFC951E2414D000248AA9 /* Main.storyboard */,
				E32BFC981E2414D000248AA9 /* Assets.xcassets */,
				E32BFC9A1E2414D000248AA9 /* LaunchScreen.storyboard */,
				E32BFC9D1E2414D000248AA9 /* Info.plist */,
				E32BFC8C1E2414D000248AA9 /* Supporting Files */,
			);
			path = Google_Maps;
			sourceTree = "<group>";
		};
		E32BFC8C1E2414D000248AA9 /* Supporting Files */ = {
			isa = PBXGroup;
			children = (
				E32BFC8D1E2414D000248AA9 /* main.m */,
			);
			name = "Supporting Files";
			sourceTree = "<group>";
		};
/* End PBXGroup section */

/* Begin PBXNativeTarget section */
		E32BFC881E2414D000248AA9 /* Google_Maps */ = {
			isa = PBXNativeTarget;
			buildConfigurationList = E32BFCA01E2414D000248AA9 /* Build configuration list for PBXNativeTarget "Google_Maps" */;
			buildPhases = (
				E32BFC851E2414D000248AA9 /* Sources */,
				E32BFC861E2414D000248AA9 /* Frameworks */,
				E32BFC871E2414D000248AA9 /* Resources */,
			);
			buildRules = (
			);
			dependencies = (
			);
			name = Google_Maps;
			productName = Google_Maps;
			productReference = E32BFC891E2414D000248AA9 /* Google_Maps.app */;
			productType = "com.apple.product-type.application";
		};
/* End PBXNativeTarget section */

/* Begin PBXProject section */
		E32BFC811E2414D000248AA9 /* Project object */ = {
			isa = PBXProject;
			attributes = {
				LastUpgradeCheck = 0730;
				ORGANIZATIONNAME = murugan;
				TargetAttributes = {
					E32BFC881E2414D000248AA9 = {
						CreatedOnToolsVersion = 7.3.1;
					};
				};
			};
			buildConfigurationList = E32BFC841E2414D000248AA9 /* Build configuration list for PBXProject "Google_Maps" */;
			compatibilityVersion = "Xcode 3.2";
			developmentRegion = English;
			hasScannedForEncodings = 0;
			knownRegions = (
				en,
				Base,
			);
			mainGroup = E32BFC801E2414D000248AA9;
			productRefGroup = E32BFC8A1E2414D000248AA9 /* Products */;
			projectDirPath = "";
			projectRoot = "";
			targets = (
				E32BFC881E2414D000248AA9 /* Google_Maps */,
			);
		};
/* End PBXProject section */

/* Begin PBXResourcesBuildPhase section */
		E32BFC871E2414D000248AA9 /* Resources */ = {
			isa = PBXResourcesBuildPhase;
			buildActionMask = 2147483647;
			files = (
				E32BFC9C1E2414D000248AA9 /* LaunchScreen.storyboard in Resources */,
				E32BFC991E2414D000248AA9 /* Assets.xcassets in Resources */,
				E32BFC971E2414D000248AA9 /* Main.storyboard in Resources */,
			);
			runOnlyForDeploymentPostprocessing = 0;
		};
/* End PBXResourcesBuildPhase section */

/* Begin PBXSourcesBuildPhase section */
		E32BFC851E2414D000248AA9 /* Sources */ = {
			isa = PBXSourcesBuildPhase;
			buildActionMask = 2147483647;
			files = (
				E32BFC941E2414D000248AA9 /* ViewController.m in Sources */,
				E32BFC911E2414D000248AA9 /* AppDelegate.m in Sources */,
				E32BFC8E1E2414D000248AA9 /* main.m in Sources */,
			);
			runOnlyForDeploymentPostprocessing = 0;
		};
/* End PBXSourcesBuildPhase section */

/* Begin PBXVariantGroup section */
		E32BFC951E2414D000248AA9 /* Main.storyboard */ = {
			isa = PBXVariantGroup;
			children = (
				E32BFC961E2414D000248AA9 /* Base */,
			);
			name = Main.storyboard;
			sourceTree = "<group>";
		};
		E32BFC9A1E2414D000248AA9 /* LaunchScreen.storyboard */ = {
			isa = PBXVariantGroup;
			children = (
				E32BFC9B1E2414D000248AA9 /* Base */,
			);
			name = LaunchScreen.storyboard;
			sourceTree = "<group>";
		};
/* End PBXVariantGroup section */

/* Begin XCBuildConfiguration section */
		E32BFC9E1E2414D000248AA9 /* Debug */ = {
			isa = XCBuildConfiguration;
			buildSettings = {
				ALWAYS_SEARCH_USER_PATHS = NO;
				CLANG_ANALYZER_NONNULL = YES;
				CLANG_CXX_LANGUAGE_STANDARD = "gnu++0x";
				CLANG_CXX_LIBRARY = "libc++";
				CLANG_ENABLE_MODULES = YES;
				CLANG_ENABLE_OBJC_ARC = YES;
				CLANG_WARN_BOOL_CONVERSION = YES;
				CLANG_WARN_CONSTANT_CONVERSION = YES;
				CLANG_WARN_DIRECT_OBJC_ISA_USAGE = YES_ERROR;
				CLANG_WARN_EMPTY_BODY = YES;
				CLANG_WARN_ENUM_CONVERSION = YES;
				CLANG_WARN_INT_CONVERSION = YES;
				CLANG_WARN_OBJC_ROOT_CLASS = YES_ERROR;
				CLANG_WARN_UNREACHABLE_CODE = YES;
				CLANG_WARN__DUPLICATE_METHOD_MATCH = YES;
				"CODE_SIGN_IDENTITY[sdk=iphoneos*]" = "iPhone Developer";
				COPY_PHASE_STRIP = NO;
				DEBUG_INFORMATION_FORMAT = dwarf;
				ENABLE_STRICT_OBJC_MSGSEND = YES;
				ENABLE_TESTABILITY = YES;
				GCC_C_LANGUAGE_STANDARD = gnu99;
				GCC_DYNAMIC_NO_PIC = NO;
				GCC_NO_COMMON_BLOCKS = YES;
				GCC_OPTIMIZATION_LEVEL = 0;
				GCC_PREPROCESSOR_DEFINITIONS = (
					"DEBUG=1",
					"$(inherited)",
				);
				GCC_WARN_64_TO_32_BIT_CONVERSION = YES;
				GCC_WARN_ABOUT_RETURN_TYPE = YES_ERROR;
				GCC_WARN_UNDECLARED_SELECTOR = YES;
				GCC_WARN_UNINITIALIZED_AUTOS = YES_AGGRESSIVE;
				GCC_WARN_UNUSED_FUNCTION = YES;
				GCC_WARN_UNUSED_VARIABLE = YES;
				IPHONEOS_DEPLOYMENT_TARGET = 9.3;
				MTL_ENABLE_DEBUG_INFO = YES;
				ONLY_ACTIVE_ARCH = YES;
				SDKROOT = iphoneos;
				TARGETED_DEVICE_FAMILY = "1,2";
			};
			name = Debug;
		};
		E32BFC9F1E2414D000248AA9 /* Release */ = {
			isa = XCBuildConfiguration;
			buildSettings = {
				ALWAYS_SEARCH_USER_PATHS = NO;
				CLANG_ANALYZER_NONNULL = YES;
				CLANG_CXX_LANGUAGE_STANDARD = "gnu++0x";
				CLANG_CXX_LIBRARY = "libc++";
				CLANG_ENABLE_MODULES = YES;
				CLANG_ENABLE_OBJC_ARC = YES;
				CLANG_WARN_BOOL_CONVERSION = YES;
				CLANG_WARN_CONSTANT_CONVERSION = YES;
				CLANG_WARN_DIRECT_OBJC_ISA_USAGE = YES_ERROR;
				CLANG_WARN_EMPTY_BODY = YES;
				CLANG_WARN_ENUM_CONVERSION = YES;
				CLANG_WARN_INT_CONVERSION = YES;
				CLANG_WARN_OBJC_ROOT_CLASS = YES_ERROR;
				CLANG_WARN_UNREACHABLE_CODE = YES;
				CLANG_WARN__DUPLICATE_METHOD_MATCH = YES;
				"CODE_SIGN_IDENTITY[sdk=iphoneos*]" = "iPhone Developer";
				COPY_PHASE_STRIP = NO;
				DEBUG_INFORMATION_FORMAT = "dwarf-with-dsym";
				ENABLE_NS_ASSERTIONS = NO;
				ENABLE_STRICT_OBJC_MSGSEND = YES;
				GCC_C_LANGUAGE_STANDARD = gnu99;
				GCC_NO_COMMON_BLOCKS = YES;
				GCC_WARN_64_TO_32_BIT_CONVERSION = YES;
				GCC_WARN_ABOUT_RETURN_TYPE = YES_ERROR;
				GCC_WARN_UNDECLARED_SELECTOR = YES;
				GCC_WARN_UNINITIALIZED_AUTOS = YES_AGGRESSIVE;
				GCC_WARN_UNUSED_FUNCTION = YES;
				GCC_WARN_UNUSED_VARIABLE = YES;
				IPHONEOS_DEPLOYMENT_TARGET = 9.3;
				MTL_ENABLE_DEBUG_INFO = NO;
				SDKROOT = iphoneos;
				TARGETED_DEVICE_FAMILY = "1,2";
				VALIDATE_PRODUCT = YES;
			};
			name = Release;
		};
		E32BFCA11E2414D000248AA9 /* Debug */ = {
			isa = XCBuildConfiguration;
			buildSettings = {
				ASSETCATALOG_COMPILER_APPICON_NAME = AppIcon;
				INFOPLIST_FILE = Google_Maps/Info.plist;
				LD_RUNPATH_SEARCH_PATHS = "$(inherited) @executable_path/Frameworks";
				PRODUCT_BUNDLE_IDENTIFIER = "com.sample.test.Google-Maps";
				PRODUCT_NAME = "$(TARGET_NAME)";
			};
			name = Debug;
		};
		E32BFCA21E2414D000248AA9 /* Release */ = {
			isa = XCBuildConfiguration;
			buildSettings = {
				ASSETCATALOG_COMPILER_APPICON_NAME = AppIcon;
				INFOPLIST_FILE = Google_Maps/Info.plist;
				LD_RUNPATH_SEARCH_PATHS = "$(inherited) @executable_path/Frameworks";
				PRODUCT_BUNDLE_IDENTIFIER = "com.sample.test.Google-Maps";
				PRODUCT_NAME = "$(TARGET_NAME)";
			};
			name = Release;
		};
/* End XCBuildConfiguration section */

/* Begin XCConfigurationList section */
		E32BFC841E2414D000248AA9 /* Build configuration list for PBXProject "Google_Maps" */ = {
			isa = XCConfigurationList;
			buildConfigurations = (
				E32BFC9E1E2414D000248AA9 /* Debug */,
				E32BFC9F1E2414D000248AA9 /* Release */,
			);
			defaultConfigurationIsVisible = 0;
			defaultConfigurationName = Release;
		};
		E32BFCA01E2414D000248AA9 /* Build configuration list for PBXNativeTarget "Google_Maps" */ = {
			isa = XCConfigurationList;
			buildConfigurations = (
				E32BFCA11E2414D000248AA9 /* Debug */,
				E32BFCA21E2414D000248AA9 /* Release */,
			);
			defaultConfigurationIsVisible = 0;
		};
/* End XCConfigurationList section */
	};
	rootObject = E32BFC811E2414D000248AA9 /* Project object */;
}
